// !$*UTF8*$!
{
	archiveVersion = 1;
	classes = {
	};
	objectVersion = 46;
	objects = {

/* Begin PBXBuildFile section */
		896B0A672060074500FD1342 /* main.m in Sources */ = {isa = PBXBuildFile; fileRef = 896B0A662060074500FD1342 /* main.m */; };
		896B0A6A2060074500FD1342 /* AppDelegate.m in Sources */ = {isa = PBXBuildFile; fileRef = 896B0A692060074500FD1342 /* AppDelegate.m */; };
		896B0A6D2060074500FD1342 /* ViewController.m in Sources */ = {isa = PBXBuildFile; fileRef = 896B0A6C2060074500FD1342 /* ViewController.m */; };
		896B0A702060074500FD1342 /* Main.storyboard in Resources */ = {isa = PBXBuildFile; fileRef = 896B0A6E2060074500FD1342 /* Main.storyboard */; };
		896B0A722060074500FD1342 /* Images.xcassets in Resources */ = {isa = PBXBuildFile; fileRef = 896B0A712060074500FD1342 /* Images.xcassets */; };
		896B0A752060074500FD1342 /* LaunchScreen.xib in Resources */ = {isa = PBXBuildFile; fileRef = 896B0A732060074500FD1342 /* LaunchScreen.xib */; };
		896B0A812060074500FD1342 /* XYSuperGuessPicTests.m in Sources */ = {isa = PBXBuildFile; fileRef = 896B0A802060074500FD1342 /* XYSuperGuessPicTests.m */; };
		896B0A8B206007C600FD1342 /* questions.plist in Resources */ = {isa = PBXBuildFile; fileRef = 896B0A8A206007C600FD1342 /* questions.plist */; };
		896B0A8E20600C0D00FD1342 /* XYQuestion.m in Sources */ = {isa = PBXBuildFile; fileRef = 896B0A8D20600C0D00FD1342 /* XYQuestion.m */; };
/* End PBXBuildFile section */

/* Begin PBXContainerItemProxy section */
		896B0A7B2060074500FD1342 /* PBXContainerItemProxy */ = {
			isa = PBXContainerItemProxy;
			containerPortal = 896B0A592060074500FD1342 /* Project object */;
			proxyType = 1;
			remoteGlobalIDString = 896B0A602060074500FD1342;
			remoteInfo = XYSuperGuessPic;
		};
/* End PBXContainerItemProxy section */

/* Begin PBXFileReference section */
		896B0A612060074500FD1342 /* XYSuperGuessPic.app */ = {isa = PBXFileReference; explicitFileType = wrapper.application; includeInIndex = 0; path = XYSuperGuessPic.app; sourceTree = BUILT_PRODUCTS_DIR; };
		896B0A652060074500FD1342 /* Info.plist */ = {isa = PBXFileReference; lastKnownFileType = text.plist.xml; path = Info.plist; sourceTree = "<group>"; };
		896B0A662060074500FD1342 /* main.m */ = {isa = PBXFileReference; lastKnownFileType = sourcecode.c.objc; path = main.m; sourceTree = "<group>"; };
		896B0A682060074500FD1342 /* AppDelegate.h */ = {isa = PBXFileReference; lastKnownFileType = sourcecode.c.h; path = AppDelegate.h; sourceTree = "<group>"; };
		896B0A692060074500FD1342 /* AppDelegate.m */ = {isa = PBXFileReference; lastKnownFileType = sourcecode.c.objc; path = AppDelegate.m; sourceTree = "<group>"; };
		896B0A6B2060074500FD1342 /* ViewController.h */ = {isa = PBXFileReference; lastKnownFileType = sourcecode.c.h; path = ViewController.h; sourceTree = "<group>"; };
		896B0A6C2060074500FD1342 /* ViewController.m */ = {isa = PBXFileReference; lastKnownFileType = sourcecode.c.objc; path = ViewController.m; sourceTree = "<group>"; };
		896B0A6F2060074500FD1342 /* Base */ = {isa = PBXFileReference; lastKnownFileType = file.storyboard; name = Base; path = Base.lproj/Main.storyboard; sourceTree = "<group>"; };
		896B0A712060074500FD1342 /* Images.xcassets */ = {isa = PBXFileReference; lastKnownFileType = folder.assetcatalog; path = Images.xcassets; sourceTree = "<group>"; };
		896B0A742060074500FD1342 /* Base */ = {isa = PBXFileReference; lastKnownFileType = file.xib; name = Base; path = Base.lproj/LaunchScreen.xib; sourceTree = "<group>"; };
		896B0A7A2060074500FD1342 /* XYSuperGuessPicTests.xctest */ = {isa = PBXFileReference; explicitFileType = wrapper.cfbundle; includeInIndex = 0; path = XYSuperGuessPicTests.xctest; sourceTree = BUILT_PRODUCTS_DIR; };
		896B0A7F2060074500FD1342 /* Info.plist */ = {isa = PBXFileReference; lastKnownFileType = text.plist.xml; path = Info.plist; sourceTree = "<group>"; };
		896B0A802060074500FD1342 /* XYSuperGuessPicTests.m */ = {isa = PBXFileReference; lastKnownFileType = sourcecode.c.objc; path = XYSuperGuessPicTests.m; sourceTree = "<group>"; };
		896B0A8A206007C600FD1342 /* questions.plist */ = {isa = PBXFileReference; fileEncoding = 4; lastKnownFileType = text.plist.xml; path = questions.plist; sourceTree = "<group>"; };
		896B0A8C20600C0D00FD1342 /* XYQuestion.h */ = {isa = PBXFileReference; fileEncoding = 4; lastKnownFileType = sourcecode.c.h; path = XYQuestion.h; sourceTree = "<group>"; };
		896B0A8D20600C0D00FD1342 /* XYQuestion.m */ = {isa = PBXFileReference; fileEncoding = 4; lastKnownFileType = sourcecode.c.objc; path = XYQuestion.m; sourceTree = "<group>"; };
/* End PBXFileReference section */

/* Begin PBXFrameworksBuildPhase section */
		896B0A5E2060074500FD1342 /* Frameworks */ = {
			isa = PBXFrameworksBuildPhase;
			buildActionMask = 2147483647;
			files = (
			);
			runOnlyForDeploymentPostprocessing = 0;
		};
		896B0A772060074500FD1342 /* Frameworks */ = {
			isa = PBXFrameworksBuildPhase;
			buildActionMask = 2147483647;
			files = (
			);
			runOnlyForDeploymentPostprocessing = 0;
		};
/* End PBXFrameworksBuildPhase section */

/* Begin PBXGroup section */
		896B0A582060074500FD1342 = {
			isa = PBXGroup;
			children = (
				896B0A632060074500FD1342 /* XYSuperGuessPic */,
				896B0A7D2060074500FD1342 /* XYSuperGuessPicTests */,
				896B0A622060074500FD1342 /* Products */,
			);
			sourceTree = "<group>";
		};
		896B0A622060074500FD1342 /* Products */ = {
			isa = PBXGroup;
			children = (
				896B0A612060074500FD1342 /* XYSuperGuessPic.app */,
				896B0A7A2060074500FD1342 /* XYSuperGuessPicTests.xctest */,
			);
			name = Products;
			sourceTree = "<group>";
		};
		896B0A632060074500FD1342 /* XYSuperGuessPic */ = {
			isa = PBXGroup;
			children = (
				896B0A682060074500FD1342 /* AppDelegate.h */,
				896B0A692060074500FD1342 /* AppDelegate.m */,
				896B0A6B2060074500FD1342 /* ViewController.h */,
				896B0A6C2060074500FD1342 /* ViewController.m */,
				896B0A8C20600C0D00FD1342 /* XYQuestion.h */,
				896B0A8D20600C0D00FD1342 /* XYQuestion.m */,
				896B0A6E2060074500FD1342 /* Main.storyboard */,
				896B0A712060074500FD1342 /* Images.xcassets */,
				896B0A732060074500FD1342 /* LaunchScreen.xib */,
				896B0A642060074500FD1342 /* Supporting Files */,
			);
			path = XYSuperGuessPic;
			sourceTree = "<group>";
		};
		896B0A642060074500FD1342 /* Supporting Files */ = {
			isa = PBXGroup;
			children = (
				896B0A8A206007C600FD1342 /* questions.plist */,
				896B0A652060074500FD1342 /* Info.plist */,
				896B0A662060074500FD1342 /* main.m */,
			);
			name = "Supporting Files";
			sourceTree = "<group>";
		};
		896B0A7D2060074500FD1342 /* XYSuperGuessPicTests */ = {
			isa = PBXGroup;
			children = (
				896B0A802060074500FD1342 /* XYSuperGuessPicTests.m */,
				896B0A7E2060074500FD1342 /* Supporting Files */,
			);
			path = XYSuperGuessPicTests;
			sourceTree = "<group>";
		};
		896B0A7E2060074500FD1342 /* Supporting Files */ = {
			isa = PBXGroup;
			children = (
				896B0A7F2060074500FD1342 /* Info.plist */,
			);
			name = "Supporting Files";
			sourceTree = "<group>";
		};
/* End PBXGroup section */

/* Begin PBXNativeTarget section */
		896B0A602060074500FD1342 /* XYSuperGuessPic */ = {
			isa = PBXNativeTarget;
			buildConfigurationList = 896B0A842060074500FD1342 /* Build configuration list for PBXNativeTarget "XYSuperGuessPic" */;
			buildPhases = (
				896B0A5D2060074500FD1342 /* Sources */,
				896B0A5E2060074500FD1342 /* Frameworks */,
				896B0A5F2060074500FD1342 /* Resources */,
			);
			buildRules = (
			);
			dependencies = (
			);
			name = XYSuperGuessPic;
			productName = XYSuperGuessPic;
			productReference = 896B0A612060074500FD1342 /* XYSuperGuessPic.app */;
			productType = "com.apple.product-type.application";
		};
		896B0A792060074500FD1342 /* XYSuperGuessPicTests */ = {
			isa = PBXNativeTarget;
			buildConfigurationList = 896B0A872060074500FD1342 /* Build configuration list for PBXNativeTarget "XYSuperGuessPicTests" */;
			buildPhases = (
				896B0A762060074500FD1342 /* Sources */,
				896B0A772060074500FD1342 /* Frameworks */,
				896B0A782060074500FD1342 /* Resources */,
			);
			buildRules = (
			);
			dependencies = (
				896B0A7C2060074500FD1342 /* PBXTargetDependency */,
			);
			name = XYSuperGuessPicTests;
			productName = XYSuperGuessPicTests;
			productReference = 896B0A7A2060074500FD1342 /* XYSuperGuessPicTests.xctest */;
			productType = "com.apple.product-type.bundle.unit-test";
		};
/* End PBXNativeTarget section */

/* Begin PBXProject section */
		896B0A592060074500FD1342 /* Project object */ = {
			isa = PBXProject;
			attributes = {
				LastUpgradeCheck = 0910;
				ORGANIZATIONNAME = XiaoYou;
				TargetAttributes = {
					896B0A602060074500FD1342 = {
						CreatedOnToolsVersion = 6.3;
					};
					896B0A792060074500FD1342 = {
						CreatedOnToolsVersion = 6.3;
						TestTargetID = 896B0A602060074500FD1342;
					};
				};
			};
			buildConfigurationList = 896B0A5C2060074500FD1342 /* Build configuration list for PBXProject "XYSuperGuessPic" */;
			compatibilityVersion = "Xcode 3.2";
			developmentRegion = English;
			hasScannedForEncodings = 0;
			knownRegions = (
				en,
				Base,
			);
			mainGroup = 896B0A582060074500FD1342;
			productRefGroup = 896B0A622060074500FD1342 /* Products */;
			projectDirPath = "";
			projectRoot = "";
			targets = (
				896B0A602060074500FD1342 /* XYSuperGuessPic */,
				896B0A792060074500FD1342 /* XYSuperGuessPicTests */,
			);
		};
/* End PBXProject section */

/* Begin PBXResourcesBuildPhase section */
		896B0A5F2060074500FD1342 /* Resources */ = {
			isa = PBXResourcesBuildPhase;
			buildActionMask = 2147483647;
			files = (
				896B0A8B206007C600FD1342 /* questions.plist in Resources */,
				896B0A702060074500FD1342 /* Main.storyboard in Resources */,
				896B0A752060074500FD1342 /* LaunchScreen.xib in Resources */,
				896B0A722060074500FD1342 /* Images.xcassets in Resources */,
			);
			runOnlyForDeploymentPostprocessing = 0;
		};
		896B0A782060074500FD1342 /* Resources */ = {
			isa = PBXResourcesBuildPhase;
			buildActionMask = 2147483647;
			files = (
			);
			runOnlyForDeploymentPostprocessing = 0;
		};
/* End PBXResourcesBuildPhase section */

/* Begin PBXSourcesBuildPhase section */
		896B0A5D2060074500FD1342 /* Sources */ = {
			isa = PBXSourcesBuildPhase;
			buildActionMask = 2147483647;
			files = (
				896B0A8E20600C0D00FD1342 /* XYQuestion.m in Sources */,
				896B0A6D2060074500FD1342 /* ViewController.m in Sources */,
				896B0A6A2060074500FD1342 /* AppDelegate.m in Sources */,
				896B0A672060074500FD1342 /* main.m in Sources */,
			);
			runOnlyForDeploymentPostprocessing = 0;
		};
		896B0A762060074500FD1342 /* Sources */ = {
			isa = PBXSourcesBuildPhase;
			buildActionMask = 2147483647;
			files = (
				896B0A812060074500FD1342 /* XYSuperGuessPicTests.m in Sources */,
			);
			runOnlyForDeploymentPostprocessing = 0;
		};
/* End PBXSourcesBuildPhase section */

/* Begin PBXTargetDependency section */
		896B0A7C2060074500FD1342 /* PBXTargetDependency */ = {
			isa = PBXTargetDependency;
			target = 896B0A602060074500FD1342 /* XYSuperGuessPic */;
			targetProxy = 896B0A7B2060074500FD1342 /* PBXContainerItemProxy */;
		};
/* End PBXTargetDependency section */

/* Begin PBXVariantGroup section */
		896B0A6E2060074500FD1342 /* Main.storyboard */ = {
			isa = PBXVariantGroup;
			children = (
				896B0A6F2060074500FD1342 /* Base */,
			);
			name = Main.storyboard;
			sourceTree = "<group>";
		};
		896B0A732060074500FD1342 /* LaunchScreen.xib */ = {
			isa = PBXVariantGroup;
			children = (
				896B0A742060074500FD1342 /* Base */,
			);
			name = LaunchScreen.xib;
			sourceTree = "<group>";
		};
/* End PBXVariantGroup section */

/* Begin XCBuildConfiguration section */
		896B0A822060074500FD1342 /* Debug */ = {
			isa = XCBuildConfiguration;
			buildSettings = {
				ALWAYS_SEARCH_USER_PATHS = NO;
				CLANG_CXX_LANGUAGE_STANDARD = "gnu++0x";
				CLANG_CXX_LIBRARY = "libc++";
				CLANG_ENABLE_MODULES = YES;
				CLANG_ENABLE_OBJC_ARC = YES;
				CLANG_WARN_BLOCK_CAPTURE_AUTORELEASING = YES;
				CLANG_WARN_BOOL_CONVERSION = YES;
				CLANG_WARN_COMMA = YES;
				CLANG_WARN_CONSTANT_CONVERSION = YES;
				CLANG_WARN_DIRECT_OBJC_ISA_USAGE = YES_ERROR;
				CLANG_WARN_EMPTY_BODY = YES;
				CLANG_WARN_ENUM_CONVERSION = YES;
				CLANG_WARN_INFINITE_RECURSION = YES;
				CLANG_WARN_INT_CONVERSION = YES;
				CLANG_WARN_NON_LITERAL_NULL_CONVERSION = YES;
				CLANG_WARN_OBJC_LITERAL_CONVERSION = YES;
				CLANG_WARN_OBJC_ROOT_CLASS = YES_ERROR;
				CLANG_WARN_RANGE_LOOP_ANALYSIS = YES;
				CLANG_WARN_STRICT_PROTOTYPES = YES;
				CLANG_WARN_SUSPICIOUS_MOVE = YES;
				CLANG_WARN_UNREACHABLE_CODE = YES;
				CLANG_WARN__DUPLICATE_METHOD_MATCH = YES;
				"CODE_SIGN_IDENTITY[sdk=iphoneos*]" = "iPhone Developer";
				COPY_PHASE_STRIP = NO;
				DEBUG_INFORMATION_FORMAT = "dwarf-with-dsym";
				ENABLE_STRICT_OBJC_MSGSEND = YES;
				ENABLE_TESTABILITY = YES;
				GCC_C_LANGUAGE_STANDARD = gnu99;
				GCC_DYNAMIC_NO_PIC = NO;
				GCC_NO_COMMON_BLOCKS = YES;
				GCC_OPTIMIZATION_LEVEL = 0;
				GCC_PREPROCESSOR_DEFINITIONS = (
					"DEBUG=1",
					"$(inherited)",
				);
				GCC_SYMBOLS_PRIVATE_EXTERN = NO;
				GCC_WARN_64_TO_32_BIT_CONVERSION = YES;
				GCC_WARN_ABOUT_RETURN_TYPE = YES_ERROR;
				GCC_WARN_UNDECLARED_SELECTOR = YES;
				GCC_WARN_UNINITIALIZED_AUTOS = YES_AGGRESSIVE;
				GCC_WARN_UNUSED_FUNCTION = YES;
				GCC_WARN_UNUSED_VARIABLE = YES;
				IPHONEOS_DEPLOYMENT_TARGET = 8.3;
				MTL_ENABLE_DEBUG_INFO = YES;
				ONLY_ACTIVE_ARCH = YES;
				SDKROOT = iphoneos;
			};
			name = Debug;
		};
		896B0A832060074500FD1342 /* Release */ = {
			isa = XCBuildConfiguration;
			buildSettings = {
				ALWAYS_SEARCH_USER_PATHS = NO;
				CLANG_CXX_LANGUAGE_STANDARD = "gnu++0x";
				CLANG_CXX_LIBRARY = "libc++";
				CLANG_ENABLE_MODULES = YES;
				CLANG_ENABLE_OBJC_ARC = YES;
				CLANG_WARN_BLOCK_CAPTURE_AUTORELEASING = YES;
				CLANG_WARN_BOOL_CONVERSION = YES;
				CLANG_WARN_COMMA = YES;
				CLANG_WARN_CONSTANT_CONVERSION = YES;
				CLANG_WARN_DIRECT_OBJC_ISA_USAGE = YES_ERROR;
				CLANG_WARN_EMPTY_BODY = YES;
				CLANG_WARN_ENUM_CONVERSION = YES;
				CLANG_WARN_INFINITE_RECURSION = YES;
				CLANG_WARN_INT_CONVERSION = YES;
				CLANG_WARN_NON_LITERAL_NULL_CONVERSION = YES;
				CLANG_WARN_OBJC_LITERAL_CONVERSION = YES;
				CLANG_WARN_OBJC_ROOT_CLASS = YES_ERROR;
				CLANG_WARN_RANGE_LOOP_ANALYSIS = YES;
				CLANG_WARN_STRICT_PROTOTYPES = YES;
				CLANG_WARN_SUSPICIOUS_MOVE = YES;
				CLANG_WARN_UNREACHABLE_CODE = YES;
				CLANG_WARN__DUPLICATE_METHOD_MATCH = YES;
				"CODE_SIGN_IDENTITY[sdk=iphoneos*]" = "iPhone Developer";
				COPY_PHASE_STRIP = NO;
				DEBUG_INFORMATION_FORMAT = "dwarf-with-dsym";
				ENABLE_NS_ASSERTIONS = NO;
				ENABLE_STRICT_OBJC_MSGSEND = YES;
				GCC_C_LANGUAGE_STANDARD = gnu99;
				GCC_NO_COMMON_BLOCKS = YES;
				GCC_WARN_64_TO_32_BIT_CONVERSION = YES;
				GCC_WARN_ABOUT_RETURN_TYPE = YES_ERROR;
				GCC_WARN_UNDECLARED_SELECTOR = YES;
				GCC_WARN_UNINITIALIZED_AUTOS = YES_AGGRESSIVE;
				GCC_WARN_UNUSED_FUNCTION = YES;
				GCC_WARN_UNUSED_VARIABLE = YES;
				IPHONEOS_DEPLOYMENT_TARGET = 8.3;
				MTL_ENABLE_DEBUG_INFO = NO;
				SDKROOT = iphoneos;
				VALIDATE_PRODUCT = YES;
			};
			name = Release;
		};
		896B0A852060074500FD1342 /* Debug */ = {
			isa = XCBuildConfiguration;
			buildSettings = {
				ASSETCATALOG_COMPILER_APPICON_NAME = AppIcon;
				INFOPLIST_FILE = XYSuperGuessPic/Info.plist;
				LD_RUNPATH_SEARCH_PATHS = "$(inherited) @executable_path/Frameworks";
				PRODUCT_BUNDLE_IDENTIFIER = "com.xiaoymi.$(PRODUCT_NAME:rfc1034identifier)";
				PRODUCT_NAME = "$(TARGET_NAME)";
			};
			name = Debug;
		};
		896B0A862060074500FD1342 /* Release */ = {
			isa = XCBuildConfiguration;
			buildSettings = {
				ASSETCATALOG_COMPILER_APPICON_NAME = AppIcon;
				INFOPLIST_FILE = XYSuperGuessPic/Info.plist;
				LD_RUNPATH_SEARCH_PATHS = "$(inherited) @executable_path/Frameworks";
				PRODUCT_BUNDLE_IDENTIFIER = "com.xiaoymi.$(PRODUCT_NAME:rfc1034identifier)";
				PRODUCT_NAME = "$(TARGET_NAME)";
			};
			name = Release;
		};
		896B0A882060074500FD1342 /* Debug */ = {
			isa = XCBuildConfiguration;
			buildSettings = {
				BUNDLE_LOADER = "$(TEST_HOST)";
				FRAMEWORK_SEARCH_PATHS = (
					"$(SDKROOT)/Developer/Library/Frameworks",
					"$(inherited)",
				);
				GCC_PREPROCESSOR_DEFINITIONS = (
					"DEBUG=1",
					"$(inherited)",
				);
				INFOPLIST_FILE = XYSuperGuessPicTests/Info.plist;
				LD_RUNPATH_SEARCH_PATHS = "$(inherited) @executable_path/Frameworks @loader_path/Frameworks";
				PRODUCT_BUNDLE_IDENTIFIER = "com.xiaoymi.$(PRODUCT_NAME:rfc1034identifier)";
				PRODUCT_NAME = "$(TARGET_NAME)";
				TEST_HOST = "$(BUILT_PRODUCTS_DIR)/XYSuperGuessPic.app/XYSuperGuessPic";
			};
			name = Debug;
		};
		896B0A892060074500FD1342 /* Release */ = {
			isa = XCBuildConfiguration;
			buildSettings = {
				BUNDLE_LOADER = "$(TEST_HOST)";
				FRAMEWORK_SEARCH_PATHS = (
					"$(SDKROOT)/Developer/Library/Frameworks",
					"$(inherited)",
				);
				INFOPLIST_FILE = XYSuperGuessPicTests/Info.plist;
				LD_RUNPATH_SEARCH_PATHS = "$(inherited) @executable_path/Frameworks @loader_path/Frameworks";
				PRODUCT_BUNDLE_IDENTIFIER = "com.xiaoymi.$(PRODUCT_NAME:rfc1034identifier)";
				PRODUCT_NAME = "$(TARGET_NAME)";
				TEST_HOST = "$(BUILT_PRODUCTS_DIR)/XYSuperGuessPic.app/XYSuperGuessPic";
			};
			name = Release;
		};
/* End XCBuildConfiguration section */

/* Begin XCConfigurationList section */
		896B0A5C2060074500FD1342 /* Build configuration list for PBXProject "XYSuperGuessPic" */ = {
			isa = XCConfigurationList;
			buildConfigurations = (
				896B0A822060074500FD1342 /* Debug */,
				896B0A832060074500FD1342 /* Release */,
			);
			defaultConfigurationIsVisible = 0;
			defaultConfigurationName = Release;
		};
		896B0A842060074500FD1342 /* Build configuration list for PBXNativeTarget "XYSuperGuessPic" */ = {
			isa = XCConfigurationList;
			buildConfigurations = (
				896B0A852060074500FD1342 /* Debug */,
				896B0A862060074500FD1342 /* Release */,
			);
			defaultConfigurationIsVisible = 0;
			defaultConfigurationName = Release;
		};
		896B0A872060074500FD1342 /* Build configuration list for PBXNativeTarget "XYSuperGuessPicTests" */ = {
			isa = XCConfigurationList;
			buildConfigurations = (
				896B0A882060074500FD1342 /* Debug */,
				896B0A892060074500FD1342 /* Release */,
			);
			defaultConfigurationIsVisible = 0;
			defaultConfigurationName = Release;
		};
/* End XCConfigurationList section */
	};
	rootObject = 896B0A592060074500FD1342 /* Project object */;
}
